
Microsoft Visual Studio Solution File, Format Version 12.00
# Visual Studio Version 17
VisualStudioVersion = 17.2.32616.157
MinimumVisualStudioVersion = 10.0.40219.1
Project("{FAE04EC0-301F-11D3-BF4B-00C04F79EFBC}") = "SuperTools", "SuperTools\SuperTools.csproj", "{408AA564-A0F8-4B8D-B980-0BA8ACEF614A}"
EndProject
Global
	GlobalSection(SolutionConfigurationPlatforms) = preSolution
		Debug|Any CPU = Debug|Any CPU
		Release|Any CPU = Release|Any CPU
	EndGlobalSection
	GlobalSection(ProjectConfigurationPlatforms) = postSolution
		{408AA564-A0F8-4B8D-B980-0BA8ACEF614A}.Debug|Any CPU.ActiveCfg = Debug|Any CPU
		{408AA564-A0F8-4B8D-B980-0BA8ACEF614A}.Debug|Any CPU.Build.0 = Debug|Any CPU
		{408AA564-A0F8-4B8D-B980-0BA8ACEF614A}.Release|Any CPU.ActiveCfg = Release|Any CPU
		{408AA564-A0F8-4B8D-B980-0BA8ACEF614A}.Release|Any CPU.Build.0 = Release|Any CPU
	EndGlobalSection
	GlobalSection(SolutionProperties) = preSolution
		HideSolutionNode = FALSE
	EndGlobalSection
	GlobalSection(ExtensibilityGlobals) = postSolution
		SolutionGuid = {420F22B1-64FE-46E3-943A-6845051DD211}
	EndGlobalSection
EndGlobal
